{
    "version": 3,
    "terraform_version": "0.11.12",
    "serial": 91,
    "lineage": "a923298e-528e-4fa4-861f-26d9f179eb80",
    "modules": [
        {
            "path": [
                "root"
            ],
            "outputs": {},
            "resources": {
                "aws_instance.ubuntu1": {
                    "type": "aws_instance",
                    "depends_on": [
                        "aws_security_group.allow_ssh",
                        "aws_subnet.mgmt"
                    ],
                    "primary": {
                        "id": "i-0101ee77c46c3c52e",
                        "attributes": {
                            "ami": "ami-005bdb005fb00e791",
                            "associate_public_ip_address": "true",
                            "availability_zone": "us-west-2c",
                            "disable_api_termination": "false",
                            "ebs_block_device.#": "0",
                            "ebs_optimized": "false",
                            "ephemeral_block_device.#": "0",
                            "iam_instance_profile": "",
                            "id": "i-0101ee77c46c3c52e",
                            "instance_state": "running",
                            "instance_type": "t2.nano",
                            "ipv6_addresses.#": "0",
                            "key_name": "terraformkeypairuswest2",
                            "monitoring": "false",
                            "network_interface.#": "0",
                            "network_interface_id": "eni-03cfa2371fec67b27",
                            "placement_group": "",
                            "primary_network_interface_id": "eni-03cfa2371fec67b27",
                            "private_dns": "ip-10-0-11-183.us-west-2.compute.internal",
                            "private_ip": "10.0.11.183",
                            "public_dns": "ec2-34-213-23-114.us-west-2.compute.amazonaws.com",
                            "public_ip": "34.213.23.114",
                            "root_block_device.#": "1",
                            "root_block_device.0.delete_on_termination": "true",
                            "root_block_device.0.iops": "100",
                            "root_block_device.0.volume_id": "vol-0dff2da4785f15f0b",
                            "root_block_device.0.volume_size": "8",
                            "root_block_device.0.volume_type": "gp2",
                            "security_groups.#": "0",
                            "source_dest_check": "true",
                            "subnet_id": "subnet-04331afcb50eefc7f",
                            "tags.%": "1",
                            "tags.Name": "ixVPC-Ubuntu1",
                            "tenancy": "default",
                            "volume_tags.%": "0",
                            "vpc_security_group_ids.#": "1",
                            "vpc_security_group_ids.4226198942": "sg-07783282175f4bfaa"
                        },
                        "meta": {
                            "e2bfb730-ecaa-11e6-8f88-34363bc7c4c0": {
                                "create": 600000000000,
                                "delete": 600000000000,
                                "update": 600000000000
                            },
                            "schema_version": "1"
                        },
                        "tainted": false
                    },
                    "deposed": [],
                    "provider": "provider.aws"
                },
                "aws_instance.ubuntu2": {
                    "type": "aws_instance",
                    "depends_on": [
                        "aws_security_group.allow_ssh",
                        "aws_subnet.mgmt"
                    ],
                    "primary": {
                        "id": "i-05ed418212e32a64d",
                        "attributes": {
                            "ami": "ami-005bdb005fb00e791",
                            "associate_public_ip_address": "true",
                            "availability_zone": "us-west-2c",
                            "disable_api_termination": "false",
                            "ebs_block_device.#": "0",
                            "ebs_optimized": "false",
                            "ephemeral_block_device.#": "0",
                            "iam_instance_profile": "",
                            "id": "i-05ed418212e32a64d",
                            "instance_state": "running",
                            "instance_type": "t2.nano",
                            "ipv6_addresses.#": "0",
                            "key_name": "terraformkeypairuswest2",
                            "monitoring": "false",
                            "network_interface.#": "0",
                            "network_interface_id": "eni-09daf8be444c5f5fd",
                            "placement_group": "",
                            "primary_network_interface_id": "eni-09daf8be444c5f5fd",
                            "private_dns": "ip-10-0-11-152.us-west-2.compute.internal",
                            "private_ip": "10.0.11.152",
                            "public_dns": "ec2-34-222-164-96.us-west-2.compute.amazonaws.com",
                            "public_ip": "34.222.164.96",
                            "root_block_device.#": "1",
                            "root_block_device.0.delete_on_termination": "true",
                            "root_block_device.0.iops": "100",
                            "root_block_device.0.volume_id": "vol-0245512f208f2bde6",
                            "root_block_device.0.volume_size": "8",
                            "root_block_device.0.volume_type": "gp2",
                            "security_groups.#": "0",
                            "source_dest_check": "true",
                            "subnet_id": "subnet-04331afcb50eefc7f",
                            "tags.%": "1",
                            "tags.Name": "ixVPC-Ubuntu2",
                            "tenancy": "default",
                            "volume_tags.%": "0",
                            "vpc_security_group_ids.#": "1",
                            "vpc_security_group_ids.4226198942": "sg-07783282175f4bfaa"
                        },
                        "meta": {
                            "e2bfb730-ecaa-11e6-8f88-34363bc7c4c0": {
                                "create": 600000000000,
                                "delete": 600000000000,
                                "update": 600000000000
                            },
                            "schema_version": "1"
                        },
                        "tainted": false
                    },
                    "deposed": [],
                    "provider": "provider.aws"
                },
                "aws_instance.ubuntu3": {
                    "type": "aws_instance",
                    "depends_on": [
                        "aws_security_group.allow_ssh",
                        "aws_subnet.mgmt"
                    ],
                    "primary": {
                        "id": "i-086c54796d5d705ed",
                        "attributes": {
                            "ami": "ami-005bdb005fb00e791",
                            "associate_public_ip_address": "true",
                            "availability_zone": "us-west-2c",
                            "disable_api_termination": "false",
                            "ebs_block_device.#": "0",
                            "ebs_optimized": "false",
                            "ephemeral_block_device.#": "0",
                            "iam_instance_profile": "",
                            "id": "i-086c54796d5d705ed",
                            "instance_state": "running",
                            "instance_type": "t2.nano",
                            "ipv6_addresses.#": "0",
                            "key_name": "terraformkeypairuswest2",
                            "monitoring": "false",
                            "network_interface.#": "0",
                            "network_interface_id": "eni-0810bf4db04b46e71",
                            "placement_group": "",
                            "primary_network_interface_id": "eni-0810bf4db04b46e71",
                            "private_dns": "ip-10-0-11-71.us-west-2.compute.internal",
                            "private_ip": "10.0.11.71",
                            "public_dns": "ec2-54-71-69-182.us-west-2.compute.amazonaws.com",
                            "public_ip": "54.71.69.182",
                            "root_block_device.#": "1",
                            "root_block_device.0.delete_on_termination": "true",
                            "root_block_device.0.iops": "100",
                            "root_block_device.0.volume_id": "vol-09af054002ba4997a",
                            "root_block_device.0.volume_size": "8",
                            "root_block_device.0.volume_type": "gp2",
                            "security_groups.#": "0",
                            "source_dest_check": "true",
                            "subnet_id": "subnet-04331afcb50eefc7f",
                            "tags.%": "1",
                            "tags.Name": "ixVPC-Ubuntu3",
                            "tenancy": "default",
                            "volume_tags.%": "0",
                            "vpc_security_group_ids.#": "1",
                            "vpc_security_group_ids.4226198942": "sg-07783282175f4bfaa"
                        },
                        "meta": {
                            "e2bfb730-ecaa-11e6-8f88-34363bc7c4c0": {
                                "create": 600000000000,
                                "delete": 600000000000,
                                "update": 600000000000
                            },
                            "schema_version": "1"
                        },
                        "tainted": false
                    },
                    "deposed": [],
                    "provider": "provider.aws"
                },
                "aws_instance.vMX6": {
                    "type": "aws_instance",
                    "depends_on": [
                        "aws_security_group.allow_ssh",
                        "aws_subnet.mgmt",
                        "aws_subnet.public"
                    ],
                    "primary": {
                        "id": "i-0ae37a83729feddd9",
                        "attributes": {
                            "ami": "ami-12eaad6a",
                            "associate_public_ip_address": "true",
                            "availability_zone": "us-west-2c",
                            "disable_api_termination": "false",
                            "ebs_block_device.#": "0",
                            "ebs_optimized": "false",
                            "ephemeral_block_device.#": "0",
                            "iam_instance_profile": "",
                            "id": "i-0ae37a83729feddd9",
                            "instance_state": "running",
                            "instance_type": "m4.xlarge",
                            "ipv6_addresses.#": "0",
                            "key_name": "terraformkeypairuswest2",
                            "monitoring": "false",
                            "network_interface.#": "0",
                            "network_interface_id": "eni-0d22c838e0020f0c7",
                            "placement_group": "",
                            "primary_network_interface_id": "eni-0d22c838e0020f0c7",
                            "private_dns": "ip-10-0-11-88.us-west-2.compute.internal",
                            "private_ip": "10.0.11.88",
                            "public_dns": "ec2-35-167-192-150.us-west-2.compute.amazonaws.com",
                            "public_ip": "35.167.192.150",
                            "root_block_device.#": "1",
                            "root_block_device.0.delete_on_termination": "true",
                            "root_block_device.0.iops": "0",
                            "root_block_device.0.volume_id": "vol-017f221348b32bde0",
                            "root_block_device.0.volume_size": "32",
                            "root_block_device.0.volume_type": "standard",
                            "security_groups.#": "0",
                            "source_dest_check": "true",
                            "subnet_id": "subnet-04331afcb50eefc7f",
                            "tags.%": "1",
                            "tags.Name": "ixVPC-vMX6",
                            "tenancy": "default",
                            "volume_tags.%": "0",
                            "vpc_security_group_ids.#": "1",
                            "vpc_security_group_ids.4226198942": "sg-07783282175f4bfaa"
                        },
                        "meta": {
                            "e2bfb730-ecaa-11e6-8f88-34363bc7c4c0": {
                                "create": 600000000000,
                                "delete": 600000000000,
                                "update": 600000000000
                            },
                            "schema_version": "1"
                        },
                        "tainted": false
                    },
                    "deposed": [],
                    "provider": "provider.aws"
                },
                "aws_instance.vSRX1": {
                    "type": "aws_instance",
                    "depends_on": [
                        "aws_security_group.allow_ssh",
                        "aws_subnet.mgmt"
                    ],
                    "primary": {
                        "id": "i-08c27b7e255b4da69",
                        "attributes": {
                            "ami": "ami-0cf5905679d7747fd",
                            "associate_public_ip_address": "true",
                            "availability_zone": "us-west-2c",
                            "disable_api_termination": "false",
                            "ebs_block_device.#": "0",
                            "ebs_optimized": "false",
                            "ephemeral_block_device.#": "0",
                            "iam_instance_profile": "",
                            "id": "i-08c27b7e255b4da69",
                            "instance_state": "running",
                            "instance_type": "c3.xlarge",
                            "ipv6_addresses.#": "0",
                            "key_name": "terraformkeypairuswest2",
                            "monitoring": "false",
                            "network_interface.#": "0",
                            "network_interface_id": "eni-08c2e05e6f36beb61",
                            "placement_group": "",
                            "primary_network_interface_id": "eni-08c2e05e6f36beb61",
                            "private_dns": "ip-10-0-11-109.us-west-2.compute.internal",
                            "private_ip": "10.0.11.109",
                            "public_dns": "ec2-54-185-93-130.us-west-2.compute.amazonaws.com",
                            "public_ip": "54.185.93.130",
                            "root_block_device.#": "1",
                            "root_block_device.0.delete_on_termination": "true",
                            "root_block_device.0.iops": "0",
                            "root_block_device.0.volume_id": "vol-0e66cdebb85bd61b3",
                            "root_block_device.0.volume_size": "20",
                            "root_block_device.0.volume_type": "standard",
                            "security_groups.#": "0",
                            "source_dest_check": "true",
                            "subnet_id": "subnet-04331afcb50eefc7f",
                            "tags.%": "1",
                            "tags.Name": "ixVPC-vSRX1",
                            "tenancy": "default",
                            "volume_tags.%": "0",
                            "vpc_security_group_ids.#": "1",
                            "vpc_security_group_ids.4226198942": "sg-07783282175f4bfaa"
                        },
                        "meta": {
                            "e2bfb730-ecaa-11e6-8f88-34363bc7c4c0": {
                                "create": 600000000000,
                                "delete": 600000000000,
                                "update": 600000000000
                            },
                            "schema_version": "1"
                        },
                        "tainted": false
                    },
                    "deposed": [],
                    "provider": "provider.aws"
                },
                "aws_instance.vSRX2": {
                    "type": "aws_instance",
                    "depends_on": [
                        "aws_security_group.allow_ssh",
                        "aws_subnet.mgmt"
                    ],
                    "primary": {
                        "id": "i-0b4c8e9d8a537a70c",
                        "attributes": {
                            "ami": "ami-0cf5905679d7747fd",
                            "associate_public_ip_address": "true",
                            "availability_zone": "us-west-2c",
                            "disable_api_termination": "false",
                            "ebs_block_device.#": "0",
                            "ebs_optimized": "false",
                            "ephemeral_block_device.#": "0",
                            "iam_instance_profile": "",
                            "id": "i-0b4c8e9d8a537a70c",
                            "instance_state": "running",
                            "instance_type": "c3.xlarge",
                            "ipv6_addresses.#": "0",
                            "key_name": "terraformkeypairuswest2",
                            "monitoring": "false",
                            "network_interface.#": "0",
                            "network_interface_id": "eni-0b9c2a5d371115362",
                            "placement_group": "",
                            "primary_network_interface_id": "eni-0b9c2a5d371115362",
                            "private_dns": "ip-10-0-11-25.us-west-2.compute.internal",
                            "private_ip": "10.0.11.25",
                            "public_dns": "ec2-35-167-83-27.us-west-2.compute.amazonaws.com",
                            "public_ip": "35.167.83.27",
                            "root_block_device.#": "1",
                            "root_block_device.0.delete_on_termination": "true",
                            "root_block_device.0.iops": "0",
                            "root_block_device.0.volume_id": "vol-078a5ae75941670b1",
                            "root_block_device.0.volume_size": "20",
                            "root_block_device.0.volume_type": "standard",
                            "security_groups.#": "0",
                            "source_dest_check": "true",
                            "subnet_id": "subnet-04331afcb50eefc7f",
                            "tags.%": "1",
                            "tags.Name": "ixVPC-vSRX2",
                            "tenancy": "default",
                            "volume_tags.%": "0",
                            "vpc_security_group_ids.#": "1",
                            "vpc_security_group_ids.4226198942": "sg-07783282175f4bfaa"
                        },
                        "meta": {
                            "e2bfb730-ecaa-11e6-8f88-34363bc7c4c0": {
                                "create": 600000000000,
                                "delete": 600000000000,
                                "update": 600000000000
                            },
                            "schema_version": "1"
                        },
                        "tainted": false
                    },
                    "deposed": [],
                    "provider": "provider.aws"
                },
                "aws_internet_gateway.gw": {
                    "type": "aws_internet_gateway",
                    "depends_on": [
                        "aws_vpc.vpc"
                    ],
                    "primary": {
                        "id": "igw-0200ef656ca4afc1c",
                        "attributes": {
                            "id": "igw-0200ef656ca4afc1c",
                            "tags.%": "1",
                            "tags.Name": "ixVPC-igw",
                            "vpc_id": "vpc-0779dd9ded3dee615"
                        },
                        "meta": {},
                        "tainted": false
                    },
                    "deposed": [],
                    "provider": "provider.aws"
                },
                "aws_network_interface.ubuntu1_eth1": {
                    "type": "aws_network_interface",
                    "depends_on": [
                        "aws_instance.ubuntu1",
                        "aws_subnet.private4"
                    ],
                    "primary": {
                        "id": "eni-0995fbf290ff6909e",
                        "attributes": {
                            "attachment.#": "1",
                            "attachment.1850526450.attachment_id": "eni-attach-0adfb334ce094895e",
                            "attachment.1850526450.device_index": "1",
                            "attachment.1850526450.instance": "i-0101ee77c46c3c52e",
                            "description": "",
                            "id": "eni-0995fbf290ff6909e",
                            "private_dns_name": "ip-10-0-4-21.us-west-2.compute.internal",
                            "private_ip": "10.0.4.21",
                            "private_ips.#": "1",
                            "private_ips.1320359708": "10.0.4.21",
                            "security_groups.#": "1",
                            "security_groups.1751825771": "sg-0d7332e1ed480f4ed",
                            "source_dest_check": "true",
                            "subnet_id": "subnet-0faafe41b458ab197",
                            "tags.%": "0"
                        },
                        "meta": {},
                        "tainted": false
                    },
                    "deposed": [],
                    "provider": "provider.aws"
                },
                "aws_network_interface.ubuntu2_eth1": {
                    "type": "aws_network_interface",
                    "depends_on": [
                        "aws_instance.ubuntu2",
                        "aws_subnet.private5"
                    ],
                    "primary": {
                        "id": "eni-0a00f3e58d74367b5",
                        "attributes": {
                            "attachment.#": "1",
                            "attachment.2466236154.attachment_id": "eni-attach-0623e08b7cc35af40",
                            "attachment.2466236154.device_index": "1",
                            "attachment.2466236154.instance": "i-05ed418212e32a64d",
                            "description": "",
                            "id": "eni-0a00f3e58d74367b5",
                            "private_dns_name": "ip-10-0-5-22.us-west-2.compute.internal",
                            "private_ip": "10.0.5.22",
                            "private_ips.#": "1",
                            "private_ips.1862672835": "10.0.5.22",
                            "security_groups.#": "1",
                            "security_groups.1751825771": "sg-0d7332e1ed480f4ed",
                            "source_dest_check": "true",
                            "subnet_id": "subnet-01e58a8a7f2491906",
                            "tags.%": "0"
                        },
                        "meta": {},
                        "tainted": false
                    },
                    "deposed": [],
                    "provider": "provider.aws"
                },
                "aws_network_interface.ubuntu3_eth1": {
                    "type": "aws_network_interface",
                    "depends_on": [
                        "aws_instance.ubuntu3",
                        "aws_subnet.private6"
                    ],
                    "primary": {
                        "id": "eni-003cf9aba49a2af38",
                        "attributes": {
                            "attachment.#": "1",
                            "attachment.3528315766.attachment_id": "eni-attach-03d7ebc8416a4a0e3",
                            "attachment.3528315766.device_index": "1",
                            "attachment.3528315766.instance": "i-086c54796d5d705ed",
                            "description": "",
                            "id": "eni-003cf9aba49a2af38",
                            "private_dns_name": "ip-10-0-6-22.us-west-2.compute.internal",
                            "private_ip": "10.0.6.22",
                            "private_ips.#": "1",
                            "private_ips.2108919341": "10.0.6.22",
                            "security_groups.#": "1",
                            "security_groups.1751825771": "sg-0d7332e1ed480f4ed",
                            "source_dest_check": "true",
                            "subnet_id": "subnet-0032046973e96124c",
                            "tags.%": "0"
                        },
                        "meta": {},
                        "tainted": false
                    },
                    "deposed": [],
                    "provider": "provider.aws"
                },
                "aws_network_interface.vMX1_ge0-0-0": {
                    "type": "aws_network_interface",
                    "depends_on": [
                        "aws_instance.vMX6",
                        "aws_subnet.private6"
                    ],
                    "primary": {
                        "id": "eni-0d60048b130fff972",
                        "attributes": {
                            "attachment.#": "1",
                            "attachment.212252306.attachment_id": "eni-attach-05d8421b18ce6d7ed",
                            "attachment.212252306.device_index": "1",
                            "attachment.212252306.instance": "i-0ae37a83729feddd9",
                            "description": "vMX1_ge0-0-0",
                            "id": "eni-0d60048b130fff972",
                            "private_dns_name": "ip-10-0-6-13.us-west-2.compute.internal",
                            "private_ip": "10.0.6.13",
                            "private_ips.#": "1",
                            "private_ips.563735928": "10.0.6.13",
                            "security_groups.#": "1",
                            "security_groups.1751825771": "sg-0d7332e1ed480f4ed",
                            "source_dest_check": "true",
                            "subnet_id": "subnet-0032046973e96124c",
                            "tags.%": "0"
                        },
                        "meta": {},
                        "tainted": false
                    },
                    "deposed": [],
                    "provider": "provider.aws"
                },
                "aws_network_interface.vMX1_ge0-0-1": {
                    "type": "aws_network_interface",
                    "depends_on": [
                        "aws_instance.vMX6",
                        "aws_subnet.private1"
                    ],
                    "primary": {
                        "id": "eni-0883e6e1563a3c36e",
                        "attributes": {
                            "attachment.#": "1",
                            "attachment.663479633.attachment_id": "eni-attach-0b93d1bf8ab287bd6",
                            "attachment.663479633.device_index": "2",
                            "attachment.663479633.instance": "i-0ae37a83729feddd9",
                            "description": "vMX1_ge0-0-1",
                            "id": "eni-0883e6e1563a3c36e",
                            "private_dns_name": "ip-10-0-1-13.us-west-2.compute.internal",
                            "private_ip": "10.0.1.13",
                            "private_ips.#": "1",
                            "private_ips.3159283137": "10.0.1.13",
                            "security_groups.#": "1",
                            "security_groups.1751825771": "sg-0d7332e1ed480f4ed",
                            "source_dest_check": "true",
                            "subnet_id": "subnet-0dc507d7b87ff3d49",
                            "tags.%": "0"
                        },
                        "meta": {},
                        "tainted": false
                    },
                    "deposed": [],
                    "provider": "provider.aws"
                },
                "aws_network_interface.vMX1_ge0-0-2": {
                    "type": "aws_network_interface",
                    "depends_on": [
                        "aws_instance.vMX6",
                        "aws_subnet.private2"
                    ],
                    "primary": {
                        "id": "eni-0225ff32eb2ad3181",
                        "attributes": {
                            "attachment.#": "1",
                            "attachment.1049678864.attachment_id": "eni-attach-0ba5b421283459b14",
                            "attachment.1049678864.device_index": "3",
                            "attachment.1049678864.instance": "i-0ae37a83729feddd9",
                            "description": "vMX1_ge0-0-2",
                            "id": "eni-0225ff32eb2ad3181",
                            "private_dns_name": "ip-10-0-2-13.us-west-2.compute.internal",
                            "private_ip": "10.0.2.13",
                            "private_ips.#": "1",
                            "private_ips.2935716399": "10.0.2.13",
                            "security_groups.#": "1",
                            "security_groups.1751825771": "sg-0d7332e1ed480f4ed",
                            "source_dest_check": "true",
                            "subnet_id": "subnet-00e0d7467a6824415",
                            "tags.%": "0"
                        },
                        "meta": {},
                        "tainted": false
                    },
                    "deposed": [],
                    "provider": "provider.aws"
                },
                "aws_network_interface.vSRX1_ge0-0-0": {
                    "type": "aws_network_interface",
                    "depends_on": [
                        "aws_instance.vSRX1",
                        "aws_subnet.private4"
                    ],
                    "primary": {
                        "id": "eni-002835473abe36918",
                        "attributes": {
                            "attachment.#": "1",
                            "attachment.2519306457.attachment_id": "eni-attach-01db366701279cd23",
                            "attachment.2519306457.device_index": "1",
                            "attachment.2519306457.instance": "i-08c27b7e255b4da69",
                            "description": "",
                            "id": "eni-002835473abe36918",
                            "private_dns_name": "ip-10-0-4-11.us-west-2.compute.internal",
                            "private_ip": "10.0.4.11",
                            "private_ips.#": "1",
                            "private_ips.1704871135": "10.0.4.11",
                            "security_groups.#": "1",
                            "security_groups.1751825771": "sg-0d7332e1ed480f4ed",
                            "source_dest_check": "true",
                            "subnet_id": "subnet-0faafe41b458ab197",
                            "tags.%": "0"
                        },
                        "meta": {},
                        "tainted": false
                    },
                    "deposed": [],
                    "provider": "provider.aws"
                },
                "aws_network_interface.vSRX1_ge0-0-1": {
                    "type": "aws_network_interface",
                    "depends_on": [
                        "aws_instance.vSRX1",
                        "aws_network_interface.vSRX1_ge0-0-0",
                        "aws_subnet.private1"
                    ],
                    "primary": {
                        "id": "eni-0720cf02a99866d0c",
                        "attributes": {
                            "attachment.#": "1",
                            "attachment.3171205914.attachment_id": "eni-attach-07714e48b86b37194",
                            "attachment.3171205914.device_index": "2",
                            "attachment.3171205914.instance": "i-08c27b7e255b4da69",
                            "description": "",
                            "id": "eni-0720cf02a99866d0c",
                            "private_dns_name": "ip-10-0-1-11.us-west-2.compute.internal",
                            "private_ip": "10.0.1.11",
                            "private_ips.#": "1",
                            "private_ips.1379972333": "10.0.1.11",
                            "security_groups.#": "1",
                            "security_groups.1751825771": "sg-0d7332e1ed480f4ed",
                            "source_dest_check": "true",
                            "subnet_id": "subnet-0dc507d7b87ff3d49",
                            "tags.%": "0"
                        },
                        "meta": {},
                        "tainted": false
                    },
                    "deposed": [],
                    "provider": "provider.aws"
                },
                "aws_network_interface.vSRX1_ge0-0-2": {
                    "type": "aws_network_interface",
                    "depends_on": [
                        "aws_instance.vSRX1",
                        "aws_network_interface.vSRX1_ge0-0-1",
                        "aws_subnet.private2"
                    ],
                    "primary": {
                        "id": "eni-08481852407f0f73b",
                        "attributes": {
                            "attachment.#": "1",
                            "attachment.2753557083.attachment_id": "eni-attach-0ba014078ab6ffac5",
                            "attachment.2753557083.device_index": "3",
                            "attachment.2753557083.instance": "i-08c27b7e255b4da69",
                            "description": "",
                            "id": "eni-08481852407f0f73b",
                            "private_dns_name": "ip-10-0-2-11.us-west-2.compute.internal",
                            "private_ip": "10.0.2.11",
                            "private_ips.#": "1",
                            "private_ips.1089805059": "10.0.2.11",
                            "security_groups.#": "1",
                            "security_groups.1751825771": "sg-0d7332e1ed480f4ed",
                            "source_dest_check": "true",
                            "subnet_id": "subnet-00e0d7467a6824415",
                            "tags.%": "0"
                        },
                        "meta": {},
                        "tainted": false
                    },
                    "deposed": [],
                    "provider": "provider.aws"
                },
                "aws_network_interface.vSRX2_ge0-0-0": {
                    "type": "aws_network_interface",
                    "depends_on": [
                        "aws_instance.vSRX1",
                        "aws_instance.vSRX2",
                        "aws_subnet.private5"
                    ],
                    "primary": {
                        "id": "eni-0f767b33dfd581ac7",
                        "attributes": {
                            "attachment.#": "1",
                            "attachment.1690854214.attachment_id": "eni-attach-0eed2b8641536b53d",
                            "attachment.1690854214.device_index": "1",
                            "attachment.1690854214.instance": "i-0b4c8e9d8a537a70c",
                            "description": "",
                            "id": "eni-0f767b33dfd581ac7",
                            "private_dns_name": "ip-10-0-5-12.us-west-2.compute.internal",
                            "private_ip": "10.0.5.12",
                            "private_ips.#": "1",
                            "private_ips.1143697920": "10.0.5.12",
                            "security_groups.#": "1",
                            "security_groups.1751825771": "sg-0d7332e1ed480f4ed",
                            "source_dest_check": "true",
                            "subnet_id": "subnet-01e58a8a7f2491906",
                            "tags.%": "0"
                        },
                        "meta": {},
                        "tainted": false
                    },
                    "deposed": [],
                    "provider": "provider.aws"
                },
                "aws_network_interface.vSRX2_ge0-0-1": {
                    "type": "aws_network_interface",
                    "depends_on": [
                        "aws_instance.vSRX2",
                        "aws_network_interface.vSRX2_ge0-0-0",
                        "aws_subnet.private1"
                    ],
                    "primary": {
                        "id": "eni-0974ac26b47c21f27",
                        "attributes": {
                            "attachment.#": "1",
                            "attachment.1340420229.attachment_id": "eni-attach-0f81249bccffb018f",
                            "attachment.1340420229.device_index": "2",
                            "attachment.1340420229.instance": "i-0b4c8e9d8a537a70c",
                            "description": "",
                            "id": "eni-0974ac26b47c21f27",
                            "private_dns_name": "ip-10-0-1-12.us-west-2.compute.internal",
                            "private_ip": "10.0.1.12",
                            "private_ips.#": "1",
                            "private_ips.3410617687": "10.0.1.12",
                            "security_groups.#": "1",
                            "security_groups.1751825771": "sg-0d7332e1ed480f4ed",
                            "source_dest_check": "true",
                            "subnet_id": "subnet-0dc507d7b87ff3d49",
                            "tags.%": "0"
                        },
                        "meta": {},
                        "tainted": false
                    },
                    "deposed": [],
                    "provider": "provider.aws"
                },
                "aws_network_interface.vSRX2_ge0-0-2": {
                    "type": "aws_network_interface",
                    "depends_on": [
                        "aws_instance.vSRX2",
                        "aws_network_interface.vSRX2_ge0-0-1",
                        "aws_subnet.private2"
                    ],
                    "primary": {
                        "id": "eni-0b1e31970ea053e08",
                        "attributes": {
                            "attachment.#": "1",
                            "attachment.1459487172.attachment_id": "eni-attach-0ec92be1c3cf0aa0e",
                            "attachment.1459487172.device_index": "3",
                            "attachment.1459487172.instance": "i-0b4c8e9d8a537a70c",
                            "description": "",
                            "id": "eni-0b1e31970ea053e08",
                            "private_dns_name": "ip-10-0-2-12.us-west-2.compute.internal",
                            "private_ip": "10.0.2.12",
                            "private_ips.#": "1",
                            "private_ips.3657190073": "10.0.2.12",
                            "security_groups.#": "1",
                            "security_groups.1751825771": "sg-0d7332e1ed480f4ed",
                            "source_dest_check": "true",
                            "subnet_id": "subnet-00e0d7467a6824415",
                            "tags.%": "0"
                        },
                        "meta": {},
                        "tainted": false
                    },
                    "deposed": [],
                    "provider": "provider.aws"
                },
                "aws_route.internet_access": {
                    "type": "aws_route",
                    "depends_on": [
                        "aws_internet_gateway.gw",
                        "aws_vpc.vpc"
                    ],
                    "primary": {
                        "id": "r-rtb-03e78a027884890ba1080289494",
                        "attributes": {
                            "destination_cidr_block": "0.0.0.0/0",
                            "destination_prefix_list_id": "",
                            "egress_only_gateway_id": "",
                            "gateway_id": "igw-0200ef656ca4afc1c",
                            "id": "r-rtb-03e78a027884890ba1080289494",
                            "instance_id": "",
                            "instance_owner_id": "",
                            "nat_gateway_id": "",
                            "network_interface_id": "",
                            "origin": "CreateRoute",
                            "route_table_id": "rtb-03e78a027884890ba",
                            "state": "active",
                            "vpc_peering_connection_id": ""
                        },
                        "meta": {},
                        "tainted": false
                    },
                    "deposed": [],
                    "provider": "provider.aws"
                },
                "aws_route_table_association.assoc-mgmt": {
                    "type": "aws_route_table_association",
                    "depends_on": [
                        "aws_subnet.mgmt",
                        "aws_vpc.vpc"
                    ],
                    "primary": {
                        "id": "rtbassoc-07c3a243a593c0704",
                        "attributes": {
                            "id": "rtbassoc-07c3a243a593c0704",
                            "route_table_id": "rtb-03e78a027884890ba",
                            "subnet_id": "subnet-04331afcb50eefc7f"
                        },
                        "meta": {},
                        "tainted": false
                    },
                    "deposed": [],
                    "provider": "provider.aws"
                },
                "aws_route_table_association.assoc-public": {
                    "type": "aws_route_table_association",
                    "depends_on": [
                        "aws_subnet.public",
                        "aws_vpc.vpc"
                    ],
                    "primary": {
                        "id": "rtbassoc-0023f76b65d58b830",
                        "attributes": {
                            "id": "rtbassoc-0023f76b65d58b830",
                            "route_table_id": "rtb-03e78a027884890ba",
                            "subnet_id": "subnet-0e4fc6d7f5b4532a7"
                        },
                        "meta": {},
                        "tainted": false
                    },
                    "deposed": [],
                    "provider": "provider.aws"
                },
                "aws_security_group.allow_IPSec": {
                    "type": "aws_security_group",
                    "depends_on": [
                        "aws_vpc.vpc"
                    ],
                    "primary": {
                        "id": "sg-0e3872efcde41270c",
                        "attributes": {
                            "description": "Allow inbound IPSec traffic from any IP@",
                            "egress.#": "1",
                            "egress.482069346.cidr_blocks.#": "1",
                            "egress.482069346.cidr_blocks.0": "0.0.0.0/0",
                            "egress.482069346.description": "",
                            "egress.482069346.from_port": "0",
                            "egress.482069346.ipv6_cidr_blocks.#": "0",
                            "egress.482069346.prefix_list_ids.#": "0",
                            "egress.482069346.protocol": "-1",
                            "egress.482069346.security_groups.#": "0",
                            "egress.482069346.self": "false",
                            "egress.482069346.to_port": "0",
                            "id": "sg-0e3872efcde41270c",
                            "ingress.#": "1",
                            "ingress.2651317642.cidr_blocks.#": "1",
                            "ingress.2651317642.cidr_blocks.0": "0.0.0.0/0",
                            "ingress.2651317642.description": "",
                            "ingress.2651317642.from_port": "500",
                            "ingress.2651317642.ipv6_cidr_blocks.#": "0",
                            "ingress.2651317642.protocol": "udp",
                            "ingress.2651317642.security_groups.#": "0",
                            "ingress.2651317642.self": "false",
                            "ingress.2651317642.to_port": "500",
                            "name": "allow_inbound_IPSec",
                            "owner_id": "296119820525",
                            "revoke_rules_on_delete": "false",
                            "tags.%": "1",
                            "tags.Name": "Allow IPSec",
                            "vpc_id": "vpc-0779dd9ded3dee615"
                        },
                        "meta": {
                            "schema_version": "1"
                        },
                        "tainted": false
                    },
                    "deposed": [],
                    "provider": "provider.aws"
                },
                "aws_security_group.allow_ssh": {
                    "type": "aws_security_group",
                    "depends_on": [
                        "aws_vpc.vpc"
                    ],
                    "primary": {
                        "id": "sg-07783282175f4bfaa",
                        "attributes": {
                            "description": "Allow inbound SSH traffic from any IP@",
                            "egress.#": "1",
                            "egress.482069346.cidr_blocks.#": "1",
                            "egress.482069346.cidr_blocks.0": "0.0.0.0/0",
                            "egress.482069346.description": "",
                            "egress.482069346.from_port": "0",
                            "egress.482069346.ipv6_cidr_blocks.#": "0",
                            "egress.482069346.prefix_list_ids.#": "0",
                            "egress.482069346.protocol": "-1",
                            "egress.482069346.security_groups.#": "0",
                            "egress.482069346.self": "false",
                            "egress.482069346.to_port": "0",
                            "id": "sg-07783282175f4bfaa",
                            "ingress.#": "1",
                            "ingress.2541437006.cidr_blocks.#": "1",
                            "ingress.2541437006.cidr_blocks.0": "0.0.0.0/0",
                            "ingress.2541437006.description": "",
                            "ingress.2541437006.from_port": "22",
                            "ingress.2541437006.ipv6_cidr_blocks.#": "0",
                            "ingress.2541437006.protocol": "tcp",
                            "ingress.2541437006.security_groups.#": "0",
                            "ingress.2541437006.self": "false",
                            "ingress.2541437006.to_port": "22",
                            "name": "allow_inbound_SSH",
                            "owner_id": "296119820525",
                            "revoke_rules_on_delete": "false",
                            "tags.%": "1",
                            "tags.Name": "Allow SSH",
                            "vpc_id": "vpc-0779dd9ded3dee615"
                        },
                        "meta": {
                            "schema_version": "1"
                        },
                        "tainted": false
                    },
                    "deposed": [],
                    "provider": "provider.aws"
                },
                "aws_subnet.mgmt": {
                    "type": "aws_subnet",
                    "depends_on": [
                        "aws_vpc.vpc"
                    ],
                    "primary": {
                        "id": "subnet-04331afcb50eefc7f",
                        "attributes": {
                            "assign_ipv6_address_on_creation": "false",
                            "availability_zone": "us-west-2c",
                            "cidr_block": "10.0.11.0/24",
                            "id": "subnet-04331afcb50eefc7f",
                            "map_public_ip_on_launch": "false",
                            "tags.%": "1",
                            "tags.Name": "ixVPC-Mgmt",
                            "vpc_id": "vpc-0779dd9ded3dee615"
                        },
                        "meta": {
                            "schema_version": "1"
                        },
                        "tainted": false
                    },
                    "deposed": [],
                    "provider": "provider.aws"
                },
                "aws_subnet.private1": {
                    "type": "aws_subnet",
                    "depends_on": [
                        "aws_vpc.vpc"
                    ],
                    "primary": {
                        "id": "subnet-0dc507d7b87ff3d49",
                        "attributes": {
                            "assign_ipv6_address_on_creation": "false",
                            "availability_zone": "us-west-2c",
                            "cidr_block": "10.0.1.0/24",
                            "id": "subnet-0dc507d7b87ff3d49",
                            "map_public_ip_on_launch": "false",
                            "tags.%": "1",
                            "tags.Name": "ixVPC-private1",
                            "vpc_id": "vpc-0779dd9ded3dee615"
                        },
                        "meta": {
                            "schema_version": "1"
                        },
                        "tainted": false
                    },
                    "deposed": [],
                    "provider": "provider.aws"
                },
                "aws_subnet.private2": {
                    "type": "aws_subnet",
                    "depends_on": [
                        "aws_vpc.vpc"
                    ],
                    "primary": {
                        "id": "subnet-00e0d7467a6824415",
                        "attributes": {
                            "assign_ipv6_address_on_creation": "false",
                            "availability_zone": "us-west-2c",
                            "cidr_block": "10.0.2.0/24",
                            "id": "subnet-00e0d7467a6824415",
                            "map_public_ip_on_launch": "false",
                            "tags.%": "1",
                            "tags.Name": "ixVPC-private2",
                            "vpc_id": "vpc-0779dd9ded3dee615"
                        },
                        "meta": {
                            "schema_version": "1"
                        },
                        "tainted": false
                    },
                    "deposed": [],
                    "provider": "provider.aws"
                },
                "aws_subnet.private3": {
                    "type": "aws_subnet",
                    "depends_on": [
                        "aws_vpc.vpc"
                    ],
                    "primary": {
                        "id": "subnet-0c11ff443f6acf572",
                        "attributes": {
                            "assign_ipv6_address_on_creation": "false",
                            "availability_zone": "us-west-2c",
                            "cidr_block": "10.0.3.0/24",
                            "id": "subnet-0c11ff443f6acf572",
                            "map_public_ip_on_launch": "false",
                            "tags.%": "1",
                            "tags.Name": "ixVPC-private3",
                            "vpc_id": "vpc-0779dd9ded3dee615"
                        },
                        "meta": {
                            "schema_version": "1"
                        },
                        "tainted": false
                    },
                    "deposed": [],
                    "provider": "provider.aws"
                },
                "aws_subnet.private4": {
                    "type": "aws_subnet",
                    "depends_on": [
                        "aws_vpc.vpc"
                    ],
                    "primary": {
                        "id": "subnet-0faafe41b458ab197",
                        "attributes": {
                            "assign_ipv6_address_on_creation": "false",
                            "availability_zone": "us-west-2c",
                            "cidr_block": "10.0.4.0/24",
                            "id": "subnet-0faafe41b458ab197",
                            "map_public_ip_on_launch": "false",
                            "tags.%": "1",
                            "tags.Name": "ixVPC-private4",
                            "vpc_id": "vpc-0779dd9ded3dee615"
                        },
                        "meta": {
                            "schema_version": "1"
                        },
                        "tainted": false
                    },
                    "deposed": [],
                    "provider": "provider.aws"
                },
                "aws_subnet.private5": {
                    "type": "aws_subnet",
                    "depends_on": [
                        "aws_vpc.vpc"
                    ],
                    "primary": {
                        "id": "subnet-01e58a8a7f2491906",
                        "attributes": {
                            "assign_ipv6_address_on_creation": "false",
                            "availability_zone": "us-west-2c",
                            "cidr_block": "10.0.5.0/24",
                            "id": "subnet-01e58a8a7f2491906",
                            "map_public_ip_on_launch": "false",
                            "tags.%": "1",
                            "tags.Name": "ixVPC-private5",
                            "vpc_id": "vpc-0779dd9ded3dee615"
                        },
                        "meta": {
                            "schema_version": "1"
                        },
                        "tainted": false
                    },
                    "deposed": [],
                    "provider": "provider.aws"
                },
                "aws_subnet.private6": {
                    "type": "aws_subnet",
                    "depends_on": [
                        "aws_vpc.vpc"
                    ],
                    "primary": {
                        "id": "subnet-0032046973e96124c",
                        "attributes": {
                            "assign_ipv6_address_on_creation": "false",
                            "availability_zone": "us-west-2c",
                            "cidr_block": "10.0.6.0/24",
                            "id": "subnet-0032046973e96124c",
                            "map_public_ip_on_launch": "false",
                            "tags.%": "1",
                            "tags.Name": "ixVPC-private6",
                            "vpc_id": "vpc-0779dd9ded3dee615"
                        },
                        "meta": {
                            "schema_version": "1"
                        },
                        "tainted": false
                    },
                    "deposed": [],
                    "provider": "provider.aws"
                },
                "aws_subnet.public": {
                    "type": "aws_subnet",
                    "depends_on": [
                        "aws_vpc.vpc"
                    ],
                    "primary": {
                        "id": "subnet-0e4fc6d7f5b4532a7",
                        "attributes": {
                            "assign_ipv6_address_on_creation": "false",
                            "availability_zone": "us-west-2c",
                            "cidr_block": "10.0.10.0/24",
                            "id": "subnet-0e4fc6d7f5b4532a7",
                            "map_public_ip_on_launch": "false",
                            "tags.%": "1",
                            "tags.Name": "ixVPC-public1",
                            "vpc_id": "vpc-0779dd9ded3dee615"
                        },
                        "meta": {
                            "schema_version": "1"
                        },
                        "tainted": false
                    },
                    "deposed": [],
                    "provider": "provider.aws"
                },
                "aws_vpc.vpc": {
                    "type": "aws_vpc",
                    "depends_on": [],
                    "primary": {
                        "id": "vpc-0779dd9ded3dee615",
                        "attributes": {
                            "assign_generated_ipv6_cidr_block": "false",
                            "cidr_block": "10.0.0.0/16",
                            "default_network_acl_id": "acl-0ddc7358cb11824af",
                            "default_route_table_id": "rtb-03e78a027884890ba",
                            "default_security_group_id": "sg-0d7332e1ed480f4ed",
                            "dhcp_options_id": "dopt-f35de996",
                            "enable_classiclink": "false",
                            "enable_classiclink_dns_support": "false",
                            "enable_dns_hostnames": "true",
                            "enable_dns_support": "true",
                            "id": "vpc-0779dd9ded3dee615",
                            "instance_tenancy": "default",
                            "main_route_table_id": "rtb-03e78a027884890ba",
                            "tags.%": "1",
                            "tags.Name": "ixVPC"
                        },
                        "meta": {
                            "schema_version": "1"
                        },
                        "tainted": false
                    },
                    "deposed": [],
                    "provider": "provider.aws"
                },
                "null_resource.example1": {
                    "type": "null_resource",
                    "depends_on": [
                        "aws_network_interface.vSRX1_ge0-0-2"
                    ],
                    "primary": {
                        "id": "7982775006043294970",
                        "attributes": {
                            "id": "7982775006043294970"
                        },
                        "meta": {},
                        "tainted": false
                    },
                    "deposed": [],
                    "provider": "provider.null"
                }
            },
            "depends_on": []
        }
    ]
}
